{
  "name": "createAddOn",
  "lockfileVersion": 2,
  "requires": true,
  "packages": {
    "": {
      "dependencies": {
        "@sanjo/read-file": "^2.0.0",
        "@sanjo/write-file": "^1.0.0"
      }
    },
    "node_modules/@sanjo/read-file": {
      "version": "2.0.0",
      "resolved": "https://registry.npmjs.org/@sanjo/read-file/-/read-file-2.0.0.tgz",
      "integrity": "sha512-Qye5ZQQmrBvtmzgoaE8X0Shq1wc2pZ97CT7+dZFRtQqDSISqurb4YcdKpRsaGETG/PRsVkIZ7ORQ89/GSPWLJg=="
    },
    "node_modules/@sanjo/write-file": {
      "version": "1.0.0",
      "resolved": "https://registry.npmjs.org/@sanjo/write-file/-/write-file-1.0.0.tgz",
      "integrity": "sha512-YHMJR/4jKuXK93dcAKD63TClVIBNKahPNH8Vnv1QKk0X9fWdEXbCoObMp65tk+lfNfbYMiqNl88xR0gV3rrYXA=="
    }
  },
  "dependencies": {
    "@sanjo/read-file": {
      "version": "2.0.0",
      "resolved": "https://registry.npmjs.org/@sanjo/read-file/-/read-file-2.0.0.tgz",
      "integrity": "sha512-Qye5ZQQmrBvtmzgoaE8X0Shq1wc2pZ97CT7+dZFRtQqDSISqurb4YcdKpRsaGETG/PRsVkIZ7ORQ89/GSPWLJg=="
    },
    "@sanjo/write-file": {
      "version": "1.0.0",
      "resolved": "https://registry.npmjs.org/@sanjo/write-file/-/write-file-1.0.0.tgz",
      "integrity": "sha512-YHMJR/4jKuXK93dcAKD63TClVIBNKahPNH8Vnv1QKk0X9fWdEXbCoObMp65tk+lfNfbYMiqNl88xR0gV3rrYXA=="
    }
  }
}
